
Microsoft Visual Studio Solution File, Format Version 12.00
# Visual Studio Version 16
VisualStudioVersion = 16.0.29306.81
MinimumVisualStudioVersion = 10.0.40219.1
Project("{FAE04EC0-301F-11D3-BF4B-00C04F79EFBC}") = "CS8NullBasics", "CS8NullBasics\CS8NullBasics.csproj", "{EE8ABCCD-4946-4982-9E3F-C8ABDFBD35DD}"
EndProject
Global
	GlobalSection(SolutionConfigurationPlatforms) = preSolution
		Debug|Any CPU = Debug|Any CPU
		Release|Any CPU = Release|Any CPU
	EndGlobalSection
	GlobalSection(ProjectConfigurationPlatforms) = postSolution
		{EE8ABCCD-4946-4982-9E3F-C8ABDFBD35DD}.Debug|Any CPU.ActiveCfg = Debug|Any CPU
		{EE8ABCCD-4946-4982-9E3F-C8ABDFBD35DD}.Debug|Any CPU.Build.0 = Debug|Any CPU
		{EE8ABCCD-4946-4982-9E3F-C8ABDFBD35DD}.Release|Any CPU.ActiveCfg = Release|Any CPU
		{EE8ABCCD-4946-4982-9E3F-C8ABDFBD35DD}.Release|Any CPU.Build.0 = Release|Any CPU
	EndGlobalSection
	GlobalSection(SolutionProperties) = preSolution
		HideSolutionNode = FALSE
	EndGlobalSection
	GlobalSection(ExtensibilityGlobals) = postSolution
		SolutionGuid = {A9F97A0B-B77D-46CF-BB04-9B18EA1744CC}
	EndGlobalSection
EndGlobal
